// !$*UTF8*$!
{
	archiveVersion = 1;
	classes = {
	};
	objectVersion = 90;
	objects = {

/* Begin PBXBuildFile section */
		D58BA4CE2BEE6501000D8420 /* Factory in Frameworks */ = {isa = PBXBuildFile; productRef = D58BA4CD2BEE6501000D8420 /* Factory */; };
		D5F745F52BEE48BC0064F06A /* Salad in Frameworks */ = {isa = PBXBuildFile; productRef = D5F745F42BEE48BC0064F06A /* Salad */; };
/* End PBXBuildFile section */

/* Begin PBXContainerItemProxy section */
		D5284F3D2B57C6B700BB32E7 /* PBXContainerItemProxy */ = {
			isa = PBXContainerItemProxy;
			containerPortal = D5284F242B57C6B600BB32E7 /* Project object */;
			proxyType = 1;
			remoteGlobalIDString = D5284F2B2B57C6B600BB32E7;
			remoteInfo = TemplateApp;
		};
		D5284F472B57C6B700BB32E7 /* PBXContainerItemProxy */ = {
			isa = PBXContainerItemProxy;
			containerPortal = D5284F242B57C6B600BB32E7 /* Project object */;
			proxyType = 1;
			remoteGlobalIDString = D5284F2B2B57C6B600BB32E7;
			remoteInfo = TemplateApp;
		};
/* End PBXContainerItemProxy section */

/* Begin PBXFileReference section */
		D5284F2C2B57C6B600BB32E7 /* TemplateApp.app */ = {isa = PBXFileReference; explicitFileType = wrapper.application; includeInIndex = 0; path = TemplateApp.app; sourceTree = BUILT_PRODUCTS_DIR; };
		D5284F3C2B57C6B700BB32E7 /* TemplateAppTests.xctest */ = {isa = PBXFileReference; explicitFileType = wrapper.cfbundle; includeInIndex = 0; path = TemplateAppTests.xctest; sourceTree = BUILT_PRODUCTS_DIR; };
		D5284F462B57C6B700BB32E7 /* TemplateAppUITests.xctest */ = {isa = PBXFileReference; explicitFileType = wrapper.cfbundle; includeInIndex = 0; path = TemplateAppUITests.xctest; sourceTree = BUILT_PRODUCTS_DIR; };
		D58400B12C99812400F7AF19 /* CHANGELOG.md */ = {isa = PBXFileReference; lastKnownFileType = net.daringfireball.markdown; path = CHANGELOG.md; sourceTree = "<group>"; };
		D5F745EB2BEE15210064F06A /* README.md */ = {isa = PBXFileReference; lastKnownFileType = net.daringfireball.markdown; path = README.md; sourceTree = "<group>"; };
/* End PBXFileReference section */

/* Begin PBXFileSystemSynchronizedBuildFileExceptionSet section */
		D558C8982C986B5500E28A82 /* Exceptions for "TemplateApp" folder in "TemplateApp" target */ = {
			isa = PBXFileSystemSynchronizedBuildFileExceptionSet;
			membershipExceptions = (
				AllTests.xctestplan,
				Info.plist,
			);
			target = D5284F2B2B57C6B600BB32E7 /* TemplateApp */;
		};
/* End PBXFileSystemSynchronizedBuildFileExceptionSet section */

/* Begin PBXFileSystemSynchronizedRootGroup section */
		D558C87E2C986B5500E28A82 /* TemplateApp */ = {
			isa = PBXFileSystemSynchronizedRootGroup;
			exceptions = (
				D558C8982C986B5500E28A82 /* Exceptions for "TemplateApp" folder in "TemplateApp" target */,
			);
			path = TemplateApp;
			sourceTree = "<group>";
		};
		D558C89A2C986B5800E28A82 /* TemplateAppTests */ = {
			isa = PBXFileSystemSynchronizedRootGroup;
			path = TemplateAppTests;
			sourceTree = "<group>";
		};
		D558C8A12C986B5A00E28A82 /* TemplateAppUITests */ = {
			isa = PBXFileSystemSynchronizedRootGroup;
			path = TemplateAppUITests;
			sourceTree = "<group>";
		};
/* End PBXFileSystemSynchronizedRootGroup section */

/* Begin PBXFrameworksBuildPhase section */
		D5284F292B57C6B600BB32E7 /* Frameworks */ = {
			isa = PBXFrameworksBuildPhase;
			files = (
				D58BA4CE2BEE6501000D8420 /* Factory in Frameworks */,
			);
		};
		D5284F392B57C6B700BB32E7 /* Frameworks */ = {
			isa = PBXFrameworksBuildPhase;
			files = (
			);
		};
		D5284F432B57C6B700BB32E7 /* Frameworks */ = {
			isa = PBXFrameworksBuildPhase;
			files = (
				D5F745F52BEE48BC0064F06A /* Salad in Frameworks */,
			);
		};
/* End PBXFrameworksBuildPhase section */

/* Begin PBXGroup section */
		D5284F232B57C6B600BB32E7 = {
			isa = PBXGroup;
			children = (
				D5F745EB2BEE15210064F06A /* README.md */,
				D58400B12C99812400F7AF19 /* CHANGELOG.md */,
				D558C87E2C986B5500E28A82 /* TemplateApp */,
				D558C89A2C986B5800E28A82 /* TemplateAppTests */,
				D558C8A12C986B5A00E28A82 /* TemplateAppUITests */,
				D5284F2D2B57C6B600BB32E7 /* Products */,
			);
			indentWidth = 4;
			sourceTree = "<group>";
			tabWidth = 4;
		};
		D5284F2D2B57C6B600BB32E7 /* Products */ = {
			isa = PBXGroup;
			children = (
				D5284F2C2B57C6B600BB32E7 /* TemplateApp.app */,
				D5284F3C2B57C6B700BB32E7 /* TemplateAppTests.xctest */,
				D5284F462B57C6B700BB32E7 /* TemplateAppUITests.xctest */,
			);
			name = Products;
			sourceTree = "<group>";
		};
/* End PBXGroup section */

/* Begin PBXNativeTarget section */
		D5284F2B2B57C6B600BB32E7 /* TemplateApp */ = {
			isa = PBXNativeTarget;
			buildConfigurationList = D5284F502B57C6B700BB32E7 /* Build configuration list for PBXNativeTarget "TemplateApp" */;
			buildPhases = (
				D5284F282B57C6B600BB32E7 /* Sources */,
				D5284F292B57C6B600BB32E7 /* Frameworks */,
				D5284F2A2B57C6B600BB32E7 /* Resources */,
			);
			buildRules = (
			);
			fileSystemSynchronizedGroups = (
				D558C87E2C986B5500E28A82 /* TemplateApp */,
			);
			name = TemplateApp;
			packageProductDependencies = (
				D58BA4CD2BEE6501000D8420 /* Factory */,
			);
			productName = TemplateApp;
			productReference = D5284F2C2B57C6B600BB32E7 /* TemplateApp.app */;
			productType = "com.apple.product-type.application";
		};
		D5284F3B2B57C6B700BB32E7 /* TemplateAppTests */ = {
			isa = PBXNativeTarget;
			buildConfigurationList = D5284F532B57C6B700BB32E7 /* Build configuration list for PBXNativeTarget "TemplateAppTests" */;
			buildPhases = (
				D5284F382B57C6B700BB32E7 /* Sources */,
				D5284F392B57C6B700BB32E7 /* Frameworks */,
				D5284F3A2B57C6B700BB32E7 /* Resources */,
			);
			buildRules = (
			);
			dependencies = (
				D5284F3E2B57C6B700BB32E7 /* PBXTargetDependency */,
			);
			fileSystemSynchronizedGroups = (
				D558C89A2C986B5800E28A82 /* TemplateAppTests */,
			);
			name = TemplateAppTests;
			productName = TemplateAppTests;
			productReference = D5284F3C2B57C6B700BB32E7 /* TemplateAppTests.xctest */;
			productType = "com.apple.product-type.bundle.unit-test";
		};
		D5284F452B57C6B700BB32E7 /* TemplateAppUITests */ = {
			isa = PBXNativeTarget;
			buildConfigurationList = D5284F562B57C6B700BB32E7 /* Build configuration list for PBXNativeTarget "TemplateAppUITests" */;
			buildPhases = (
				D5284F422B57C6B700BB32E7 /* Sources */,
				D5284F432B57C6B700BB32E7 /* Frameworks */,
				D5284F442B57C6B700BB32E7 /* Resources */,
			);
			buildRules = (
			);
			dependencies = (
				D5284F482B57C6B700BB32E7 /* PBXTargetDependency */,
			);
			fileSystemSynchronizedGroups = (
				D558C8A12C986B5A00E28A82 /* TemplateAppUITests */,
			);
			name = TemplateAppUITests;
			packageProductDependencies = (
				D5F745F42BEE48BC0064F06A /* Salad */,
			);
			productName = TemplateAppUITests;
			productReference = D5284F462B57C6B700BB32E7 /* TemplateAppUITests.xctest */;
			productType = "com.apple.product-type.bundle.ui-testing";
		};
/* End PBXNativeTarget section */

/* Begin PBXProject section */
		D5284F242B57C6B600BB32E7 /* Project object */ = {
			isa = PBXProject;
			attributes = {
				BuildIndependentTargetsInParallel = 1;
				LastSwiftUpdateCheck = 1510;
				LastUpgradeCheck = 2600;
				ORGANIZATIONNAME = Q42;
				TargetAttributes = {
					D5284F2B2B57C6B600BB32E7 = {
						CreatedOnToolsVersion = 15.1;
					};
					D5284F3B2B57C6B700BB32E7 = {
						CreatedOnToolsVersion = 15.1;
						TestTargetID = D5284F2B2B57C6B600BB32E7;
					};
					D5284F452B57C6B700BB32E7 = {
						CreatedOnToolsVersion = 15.1;
						TestTargetID = D5284F2B2B57C6B600BB32E7;
					};
				};
			};
			buildConfigurationList = D5284F272B57C6B600BB32E7 /* Build configuration list for PBXProject "TemplateApp" */;
			developmentRegion = en;
			hasScannedForEncodings = 0;
			knownRegions = (
				en,
				Base,
				nl,
			);
			mainGroup = D5284F232B57C6B600BB32E7;
			packageReferences = (
				D5F745F32BEE48BC0064F06A /* XCRemoteSwiftPackageReference "Salad" */,
				D58BA4CC2BEE6501000D8420 /* XCRemoteSwiftPackageReference "Factory" */,
			);
			preferredProjectObjectVersion = 90;
			productRefGroup = D5284F2D2B57C6B600BB32E7 /* Products */;
			projectDirPath = "";
			projectRoot = "";
			targets = (
				D5284F2B2B57C6B600BB32E7 /* TemplateApp */,
				D5284F3B2B57C6B700BB32E7 /* TemplateAppTests */,
				D5284F452B57C6B700BB32E7 /* TemplateAppUITests */,
			);
		};
/* End PBXProject section */

/* Begin PBXResourcesBuildPhase section */
		D5284F2A2B57C6B600BB32E7 /* Resources */ = {
			isa = PBXResourcesBuildPhase;
			files = (
			);
		};
		D5284F3A2B57C6B700BB32E7 /* Resources */ = {
			isa = PBXResourcesBuildPhase;
			files = (
			);
		};
		D5284F442B57C6B700BB32E7 /* Resources */ = {
			isa = PBXResourcesBuildPhase;
			files = (
			);
		};
/* End PBXResourcesBuildPhase section */

/* Begin PBXSourcesBuildPhase section */
		D5284F282B57C6B600BB32E7 /* Sources */ = {
			isa = PBXSourcesBuildPhase;
			files = (
			);
		};
		D5284F382B57C6B700BB32E7 /* Sources */ = {
			isa = PBXSourcesBuildPhase;
			files = (
			);
		};
		D5284F422B57C6B700BB32E7 /* Sources */ = {
			isa = PBXSourcesBuildPhase;
			files = (
			);
		};
/* End PBXSourcesBuildPhase section */

/* Begin PBXTargetDependency section */
		D5284F3E2B57C6B700BB32E7 /* PBXTargetDependency */ = {
			isa = PBXTargetDependency;
			target = D5284F2B2B57C6B600BB32E7 /* TemplateApp */;
			targetProxy = D5284F3D2B57C6B700BB32E7 /* PBXContainerItemProxy */;
		};
		D5284F482B57C6B700BB32E7 /* PBXTargetDependency */ = {
			isa = PBXTargetDependency;
			target = D5284F2B2B57C6B600BB32E7 /* TemplateApp */;
			targetProxy = D5284F472B57C6B700BB32E7 /* PBXContainerItemProxy */;
		};
/* End PBXTargetDependency section */

/* Begin XCBuildConfiguration section */
		D5284F4E2B57C6B700BB32E7 /* Debug configuration for PBXProject "TemplateApp" */ = {
			isa = XCBuildConfiguration;
			buildSettings = {
				ALWAYS_SEARCH_USER_PATHS = NO;
				ASSETCATALOG_COMPILER_GENERATE_SWIFT_ASSET_SYMBOL_EXTENSIONS = YES;
				CLANG_ANALYZER_LOCALIZABILITY_NONLOCALIZED = YES;
				CLANG_ANALYZER_NONNULL = YES;
				CLANG_ANALYZER_NUMBER_OBJECT_CONVERSION = YES_AGGRESSIVE;
				CLANG_CXX_LANGUAGE_STANDARD = "gnu++20";
				CLANG_ENABLE_MODULES = YES;
				CLANG_ENABLE_OBJC_ARC = YES;
				CLANG_ENABLE_OBJC_WEAK = YES;
				CLANG_WARN_BLOCK_CAPTURE_AUTORELEASING = YES;
				CLANG_WARN_BOOL_CONVERSION = YES;
				CLANG_WARN_COMMA = YES;
				CLANG_WARN_CONSTANT_CONVERSION = YES;
				CLANG_WARN_DEPRECATED_OBJC_IMPLEMENTATIONS = YES;
				CLANG_WARN_DIRECT_OBJC_ISA_USAGE = YES_ERROR;
				CLANG_WARN_DOCUMENTATION_COMMENTS = YES;
				CLANG_WARN_EMPTY_BODY = YES;
				CLANG_WARN_ENUM_CONVERSION = YES;
				CLANG_WARN_INFINITE_RECURSION = YES;
				CLANG_WARN_INT_CONVERSION = YES;
				CLANG_WARN_NON_LITERAL_NULL_CONVERSION = YES;
				CLANG_WARN_OBJC_IMPLICIT_RETAIN_SELF = YES;
				CLANG_WARN_OBJC_LITERAL_CONVERSION = YES;
				CLANG_WARN_OBJC_ROOT_CLASS = YES_ERROR;
				CLANG_WARN_QUOTED_INCLUDE_IN_FRAMEWORK_HEADER = YES;
				CLANG_WARN_RANGE_LOOP_ANALYSIS = YES;
				CLANG_WARN_STRICT_PROTOTYPES = YES;
				CLANG_WARN_SUSPICIOUS_MOVE = YES;
				CLANG_WARN_UNGUARDED_AVAILABILITY = YES_AGGRESSIVE;
				CLANG_WARN_UNREACHABLE_CODE = YES;
				CLANG_WARN__DUPLICATE_METHOD_MATCH = YES;
				COPY_PHASE_STRIP = NO;
				DEBUG_INFORMATION_FORMAT = dwarf;
				ENABLE_STRICT_OBJC_MSGSEND = YES;
				ENABLE_TESTABILITY = YES;
				ENABLE_USER_SCRIPT_SANDBOXING = YES;
				GCC_C_LANGUAGE_STANDARD = gnu17;
				GCC_DYNAMIC_NO_PIC = NO;
				GCC_NO_COMMON_BLOCKS = YES;
				GCC_OPTIMIZATION_LEVEL = 0;
				GCC_PREPROCESSOR_DEFINITIONS = (
					"DEBUG=1",
					"$(inherited)",
				);
				GCC_WARN_64_TO_32_BIT_CONVERSION = YES;
				GCC_WARN_ABOUT_RETURN_TYPE = YES_ERROR;
				GCC_WARN_UNDECLARED_SELECTOR = YES;
				GCC_WARN_UNINITIALIZED_AUTOS = YES_AGGRESSIVE;
				GCC_WARN_UNUSED_FUNCTION = YES;
				GCC_WARN_UNUSED_VARIABLE = YES;
				IPHONEOS_DEPLOYMENT_TARGET = 17.6;
				LOCALIZATION_PREFERS_STRING_CATALOGS = YES;
				MTL_ENABLE_DEBUG_INFO = INCLUDE_SOURCE;
				MTL_FAST_MATH = YES;
				ONLY_ACTIVE_ARCH = YES;
				SDKROOT = iphoneos;
				STRING_CATALOG_GENERATE_SYMBOLS = YES;
				SWIFT_ACTIVE_COMPILATION_CONDITIONS = "DEBUG $(inherited)";
				SWIFT_OPTIMIZATION_LEVEL = "-Onone";
				SWIFT_VERSION = 6.0;
			};
			name = Debug;
		};
		D5284F4F2B57C6B700BB32E7 /* Release configuration for PBXProject "TemplateApp" */ = {
			isa = XCBuildConfiguration;
			buildSettings = {
				ALWAYS_SEARCH_USER_PATHS = NO;
				ASSETCATALOG_COMPILER_GENERATE_SWIFT_ASSET_SYMBOL_EXTENSIONS = YES;
				CLANG_ANALYZER_LOCALIZABILITY_NONLOCALIZED = YES;
				CLANG_ANALYZER_NONNULL = YES;
				CLANG_ANALYZER_NUMBER_OBJECT_CONVERSION = YES_AGGRESSIVE;
				CLANG_CXX_LANGUAGE_STANDARD = "gnu++20";
				CLANG_ENABLE_MODULES = YES;
				CLANG_ENABLE_OBJC_ARC = YES;
				CLANG_ENABLE_OBJC_WEAK = YES;
				CLANG_WARN_BLOCK_CAPTURE_AUTORELEASING = YES;
				CLANG_WARN_BOOL_CONVERSION = YES;
				CLANG_WARN_COMMA = YES;
				CLANG_WARN_CONSTANT_CONVERSION = YES;
				CLANG_WARN_DEPRECATED_OBJC_IMPLEMENTATIONS = YES;
				CLANG_WARN_DIRECT_OBJC_ISA_USAGE = YES_ERROR;
				CLANG_WARN_DOCUMENTATION_COMMENTS = YES;
				CLANG_WARN_EMPTY_BODY = YES;
				CLANG_WARN_ENUM_CONVERSION = YES;
				CLANG_WARN_INFINITE_RECURSION = YES;
				CLANG_WARN_INT_CONVERSION = YES;
				CLANG_WARN_NON_LITERAL_NULL_CONVERSION = YES;
				CLANG_WARN_OBJC_IMPLICIT_RETAIN_SELF = YES;
				CLANG_WARN_OBJC_LITERAL_CONVERSION = YES;
				CLANG_WARN_OBJC_ROOT_CLASS = YES_ERROR;
				CLANG_WARN_QUOTED_INCLUDE_IN_FRAMEWORK_HEADER = YES;
				CLANG_WARN_RANGE_LOOP_ANALYSIS = YES;
				CLANG_WARN_STRICT_PROTOTYPES = YES;
				CLANG_WARN_SUSPICIOUS_MOVE = YES;
				CLANG_WARN_UNGUARDED_AVAILABILITY = YES_AGGRESSIVE;
				CLANG_WARN_UNREACHABLE_CODE = YES;
				CLANG_WARN__DUPLICATE_METHOD_MATCH = YES;
				COPY_PHASE_STRIP = NO;
				DEBUG_INFORMATION_FORMAT = "dwarf-with-dsym";
				ENABLE_NS_ASSERTIONS = NO;
				ENABLE_STRICT_OBJC_MSGSEND = YES;
				ENABLE_USER_SCRIPT_SANDBOXING = YES;
				GCC_C_LANGUAGE_STANDARD = gnu17;
				GCC_NO_COMMON_BLOCKS = YES;
				GCC_WARN_64_TO_32_BIT_CONVERSION = YES;
				GCC_WARN_ABOUT_RETURN_TYPE = YES_ERROR;
				GCC_WARN_UNDECLARED_SELECTOR = YES;
				GCC_WARN_UNINITIALIZED_AUTOS = YES_AGGRESSIVE;
				GCC_WARN_UNUSED_FUNCTION = YES;
				GCC_WARN_UNUSED_VARIABLE = YES;
				IPHONEOS_DEPLOYMENT_TARGET = 17.6;
				LOCALIZATION_PREFERS_STRING_CATALOGS = YES;
				MTL_ENABLE_DEBUG_INFO = NO;
				MTL_FAST_MATH = YES;
				SDKROOT = iphoneos;
				STRING_CATALOG_GENERATE_SYMBOLS = YES;
				SWIFT_COMPILATION_MODE = wholemodule;
				SWIFT_VERSION = 6.0;
				VALIDATE_PRODUCT = YES;
			};
			name = Release;
		};
		D5284F512B57C6B700BB32E7 /* Debug configuration for PBXNativeTarget "TemplateApp" */ = {
			isa = XCBuildConfiguration;
			buildSettings = {
				ASSETCATALOG_COMPILER_APPICON_NAME = AppIcon;
				ASSETCATALOG_COMPILER_GLOBAL_ACCENT_COLOR_NAME = AccentColor;
				CODE_SIGN_ENTITLEMENTS = TemplateApp/TemplateApp.entitlements;
				CODE_SIGN_STYLE = Automatic;
				CURRENT_PROJECT_VERSION = 1;
				DEVELOPMENT_ASSET_PATHS = "\"TemplateApp/Preview Content\"";
				DEVELOPMENT_TEAM = "";
				ENABLE_PREVIEWS = YES;
				GENERATE_INFOPLIST_FILE = YES;
				INFOPLIST_FILE = TemplateApp/Info.plist;
				INFOPLIST_KEY_UIApplicationSceneManifest_Generation = YES;
				INFOPLIST_KEY_UIApplicationSupportsIndirectInputEvents = YES;
				INFOPLIST_KEY_UILaunchScreen_Generation = NO;
				INFOPLIST_KEY_UILaunchStoryboardName = LaunchScreen.storyboard;
				INFOPLIST_KEY_UISupportedInterfaceOrientations_iPad = "UIInterfaceOrientationPortrait UIInterfaceOrientationPortraitUpsideDown UIInterfaceOrientationLandscapeLeft UIInterfaceOrientationLandscapeRight";
				INFOPLIST_KEY_UISupportedInterfaceOrientations_iPhone = "UIInterfaceOrientationPortrait UIInterfaceOrientationLandscapeLeft UIInterfaceOrientationLandscapeRight";
				LD_RUNPATH_SEARCH_PATHS = (
					"$(inherited)",
					"@executable_path/Frameworks",
				);
				MARKETING_VERSION = 1.0;
				PRODUCT_BUNDLE_IDENTIFIER = com.q42.TemplateApp;
				PRODUCT_NAME = "$(TARGET_NAME)";
				SWIFT_APPROACHABLE_CONCURRENCY = YES;
				SWIFT_DEFAULT_ACTOR_ISOLATION = MainActor;
				SWIFT_EMIT_LOC_STRINGS = YES;
				SWIFT_STRICT_CONCURRENCY = complete;
				TARGETED_DEVICE_FAMILY = "1,2";
			};
			name = Debug;
		};
		D5284F522B57C6B700BB32E7 /* Release configuration for PBXNativeTarget "TemplateApp" */ = {
			isa = XCBuildConfiguration;
			buildSettings = {
				ASSETCATALOG_COMPILER_APPICON_NAME = AppIcon;
				ASSETCATALOG_COMPILER_GLOBAL_ACCENT_COLOR_NAME = AccentColor;
				CODE_SIGN_ENTITLEMENTS = TemplateApp/TemplateApp.entitlements;
				CODE_SIGN_STYLE = Automatic;
				CURRENT_PROJECT_VERSION = 1;
				DEVELOPMENT_ASSET_PATHS = "\"TemplateApp/Preview Content\"";
				DEVELOPMENT_TEAM = "";
				ENABLE_PREVIEWS = YES;
				GENERATE_INFOPLIST_FILE = YES;
				INFOPLIST_FILE = TemplateApp/Info.plist;
				INFOPLIST_KEY_UIApplicationSceneManifest_Generation = YES;
				INFOPLIST_KEY_UIApplicationSupportsIndirectInputEvents = YES;
				INFOPLIST_KEY_UILaunchScreen_Generation = NO;
				INFOPLIST_KEY_UILaunchStoryboardName = LaunchScreen.storyboard;
				INFOPLIST_KEY_UISupportedInterfaceOrientations_iPad = "UIInterfaceOrientationPortrait UIInterfaceOrientationPortraitUpsideDown UIInterfaceOrientationLandscapeLeft UIInterfaceOrientationLandscapeRight";
				INFOPLIST_KEY_UISupportedInterfaceOrientations_iPhone = "UIInterfaceOrientationPortrait UIInterfaceOrientationLandscapeLeft UIInterfaceOrientationLandscapeRight";
				LD_RUNPATH_SEARCH_PATHS = (
					"$(inherited)",
					"@executable_path/Frameworks",
				);
				MARKETING_VERSION = 1.0;
				PRODUCT_BUNDLE_IDENTIFIER = com.q42.TemplateApp;
				PRODUCT_NAME = "$(TARGET_NAME)";
				SWIFT_APPROACHABLE_CONCURRENCY = YES;
				SWIFT_DEFAULT_ACTOR_ISOLATION = MainActor;
				SWIFT_EMIT_LOC_STRINGS = YES;
				SWIFT_STRICT_CONCURRENCY = complete;
				TARGETED_DEVICE_FAMILY = "1,2";
			};
			name = Release;
		};
		D5284F542B57C6B700BB32E7 /* Debug configuration for PBXNativeTarget "TemplateAppTests" */ = {
			isa = XCBuildConfiguration;
			buildSettings = {
				BUNDLE_LOADER = "$(TEST_HOST)";
				CODE_SIGN_STYLE = Automatic;
				CURRENT_PROJECT_VERSION = 1.2.3;
				DEVELOPMENT_TEAM = "";
				GENERATE_INFOPLIST_FILE = YES;
				MARKETING_VERSION = 1.0;
				PRODUCT_BUNDLE_IDENTIFIER = com.q42.TemplateApp.tests;
				PRODUCT_NAME = "$(TARGET_NAME)";
				SWIFT_EMIT_LOC_STRINGS = NO;
				TARGETED_DEVICE_FAMILY = "1,2";
				TEST_HOST = "$(BUILT_PRODUCTS_DIR)/TemplateApp.app/$(BUNDLE_EXECUTABLE_FOLDER_PATH)/TemplateApp";
			};
			name = Debug;
		};
		D5284F552B57C6B700BB32E7 /* Release configuration for PBXNativeTarget "TemplateAppTests" */ = {
			isa = XCBuildConfiguration;
			buildSettings = {
				BUNDLE_LOADER = "$(TEST_HOST)";
				CODE_SIGN_STYLE = Automatic;
				CURRENT_PROJECT_VERSION = 1.2.3;
				DEVELOPMENT_TEAM = "";
				GENERATE_INFOPLIST_FILE = YES;
				MARKETING_VERSION = 1.0;
				PRODUCT_BUNDLE_IDENTIFIER = com.q42.TemplateApp.tests;
				PRODUCT_NAME = "$(TARGET_NAME)";
				SWIFT_EMIT_LOC_STRINGS = NO;
				TARGETED_DEVICE_FAMILY = "1,2";
				TEST_HOST = "$(BUILT_PRODUCTS_DIR)/TemplateApp.app/$(BUNDLE_EXECUTABLE_FOLDER_PATH)/TemplateApp";
			};
			name = Release;
		};
		D5284F572B57C6B700BB32E7 /* Debug configuration for PBXNativeTarget "TemplateAppUITests" */ = {
			isa = XCBuildConfiguration;
			buildSettings = {
				CODE_SIGN_STYLE = Automatic;
				CURRENT_PROJECT_VERSION = 1.2.3;
				DEVELOPMENT_TEAM = "";
				GENERATE_INFOPLIST_FILE = YES;
				MARKETING_VERSION = 1.0;
				PRODUCT_BUNDLE_IDENTIFIER = com.q42.TemplateApp.uitests;
				PRODUCT_NAME = "$(TARGET_NAME)";
				SWIFT_EMIT_LOC_STRINGS = NO;
				SWIFT_VERSION = 5.0;
				TARGETED_DEVICE_FAMILY = "1,2";
				TEST_TARGET_NAME = TemplateApp;
			};
			name = Debug;
		};
		D5284F582B57C6B700BB32E7 /* Release configuration for PBXNativeTarget "TemplateAppUITests" */ = {
			isa = XCBuildConfiguration;
			buildSettings = {
				CODE_SIGN_STYLE = Automatic;
				CURRENT_PROJECT_VERSION = 1.2.3;
				DEVELOPMENT_TEAM = "";
				GENERATE_INFOPLIST_FILE = YES;
				MARKETING_VERSION = 1.0;
				PRODUCT_BUNDLE_IDENTIFIER = com.q42.TemplateApp.uitests;
				PRODUCT_NAME = "$(TARGET_NAME)";
				SWIFT_EMIT_LOC_STRINGS = NO;
				SWIFT_VERSION = 5.0;
				TARGETED_DEVICE_FAMILY = "1,2";
				TEST_TARGET_NAME = TemplateApp;
			};
			name = Release;
		};
/* End XCBuildConfiguration section */

/* Begin XCConfigurationList section */
		D5284F272B57C6B600BB32E7 /* Build configuration list for PBXProject "TemplateApp" */ = {
			isa = XCConfigurationList;
			buildConfigurations = (
				D5284F4E2B57C6B700BB32E7 /* Debug configuration for PBXProject "TemplateApp" */,
				D5284F4F2B57C6B700BB32E7 /* Release configuration for PBXProject "TemplateApp" */,
			);
			defaultConfigurationName = Release;
		};
		D5284F502B57C6B700BB32E7 /* Build configuration list for PBXNativeTarget "TemplateApp" */ = {
			isa = XCConfigurationList;
			buildConfigurations = (
				D5284F512B57C6B700BB32E7 /* Debug configuration for PBXNativeTarget "TemplateApp" */,
				D5284F522B57C6B700BB32E7 /* Release configuration for PBXNativeTarget "TemplateApp" */,
			);
			defaultConfigurationName = Release;
		};
		D5284F532B57C6B700BB32E7 /* Build configuration list for PBXNativeTarget "TemplateAppTests" */ = {
			isa = XCConfigurationList;
			buildConfigurations = (
				D5284F542B57C6B700BB32E7 /* Debug configuration for PBXNativeTarget "TemplateAppTests" */,
				D5284F552B57C6B700BB32E7 /* Release configuration for PBXNativeTarget "TemplateAppTests" */,
			);
			defaultConfigurationName = Release;
		};
		D5284F562B57C6B700BB32E7 /* Build configuration list for PBXNativeTarget "TemplateAppUITests" */ = {
			isa = XCConfigurationList;
			buildConfigurations = (
				D5284F572B57C6B700BB32E7 /* Debug configuration for PBXNativeTarget "TemplateAppUITests" */,
				D5284F582B57C6B700BB32E7 /* Release configuration for PBXNativeTarget "TemplateAppUITests" */,
			);
			defaultConfigurationName = Release;
		};
/* End XCConfigurationList section */

/* Begin XCRemoteSwiftPackageReference section */
		D58BA4CC2BEE6501000D8420 /* XCRemoteSwiftPackageReference "Factory" */ = {
			isa = XCRemoteSwiftPackageReference;
			repositoryURL = "https://github.com/hmlongco/Factory.git";
			requirement = {
				kind = upToNextMajorVersion;
				minimumVersion = 2.5.3;
			};
		};
		D5F745F32BEE48BC0064F06A /* XCRemoteSwiftPackageReference "Salad" */ = {
			isa = XCRemoteSwiftPackageReference;
			repositoryURL = "https://github.com/Q42/Salad.git";
			requirement = {
				kind = upToNextMajorVersion;
				minimumVersion = 1.0.0;
			};
		};
/* End XCRemoteSwiftPackageReference section */

/* Begin XCSwiftPackageProductDependency section */
		D58BA4CD2BEE6501000D8420 /* Factory */ = {
			isa = XCSwiftPackageProductDependency;
			package = D58BA4CC2BEE6501000D8420 /* XCRemoteSwiftPackageReference "Factory" */;
			productName = Factory;
		};
		D5F745F42BEE48BC0064F06A /* Salad */ = {
			isa = XCSwiftPackageProductDependency;
			package = D5F745F32BEE48BC0064F06A /* XCRemoteSwiftPackageReference "Salad" */;
			productName = Salad;
		};
/* End XCSwiftPackageProductDependency section */
	};
	rootObject = D5284F242B57C6B600BB32E7 /* Project object */;
}
